
Microsoft Visual Studio Solution File, Format Version 12.00
# Visual Studio 15
VisualStudioVersion = 15.0.28307.1401
MinimumVisualStudioVersion = 10.0.40219.1
Project("{FAE04EC0-301F-11D3-BF4B-00C04F79EFBC}") = "NoteApp.UI", "NoteAppUI\NoteApp.UI.csproj", "{5393170E-3CC9-4E3F-A487-52EDCD36D89B}"
EndProject
Project("{FAE04EC0-301F-11D3-BF4B-00C04F79EFBC}") = "NoteApp.Model", "NoteApp\NoteApp.Model.csproj", "{59F2F2FA-664B-4443-A361-A72AD0B6FD27}"
EndProject
Project("{FAE04EC0-301F-11D3-BF4B-00C04F79EFBC}") = "NoteApp.UnitTests", "NoteApp.UnitTests\NoteApp.UnitTests.csproj", "{047F1689-8D07-4218-8DBC-3E15733214F6}"
EndProject
Global
	GlobalSection(SolutionConfigurationPlatforms) = preSolution
		Debug|Any CPU = Debug|Any CPU
		Release|Any CPU = Release|Any CPU
	EndGlobalSection
	GlobalSection(ProjectConfigurationPlatforms) = postSolution
		{5393170E-3CC9-4E3F-A487-52EDCD36D89B}.Debug|Any CPU.ActiveCfg = Debug|Any CPU
		{5393170E-3CC9-4E3F-A487-52EDCD36D89B}.Debug|Any CPU.Build.0 = Debug|Any CPU
		{5393170E-3CC9-4E3F-A487-52EDCD36D89B}.Release|Any CPU.ActiveCfg = Release|Any CPU
		{5393170E-3CC9-4E3F-A487-52EDCD36D89B}.Release|Any CPU.Build.0 = Release|Any CPU
		{59F2F2FA-664B-4443-A361-A72AD0B6FD27}.Debug|Any CPU.ActiveCfg = Debug|Any CPU
		{59F2F2FA-664B-4443-A361-A72AD0B6FD27}.Debug|Any CPU.Build.0 = Debug|Any CPU
		{59F2F2FA-664B-4443-A361-A72AD0B6FD27}.Release|Any CPU.ActiveCfg = Release|Any CPU
		{59F2F2FA-664B-4443-A361-A72AD0B6FD27}.Release|Any CPU.Build.0 = Release|Any CPU
		{047F1689-8D07-4218-8DBC-3E15733214F6}.Debug|Any CPU.ActiveCfg = Debug|Any CPU
		{047F1689-8D07-4218-8DBC-3E15733214F6}.Debug|Any CPU.Build.0 = Debug|Any CPU
		{047F1689-8D07-4218-8DBC-3E15733214F6}.Release|Any CPU.ActiveCfg = Release|Any CPU
		{047F1689-8D07-4218-8DBC-3E15733214F6}.Release|Any CPU.Build.0 = Release|Any CPU
	EndGlobalSection
	GlobalSection(SolutionProperties) = preSolution
		HideSolutionNode = FALSE
	EndGlobalSection
	GlobalSection(ExtensibilityGlobals) = postSolution
		SolutionGuid = {7DCA039C-8F75-46AF-A664-29919E81AAAC}
	EndGlobalSection
EndGlobal
